
Microsoft Visual Studio Solution File, Format Version 12.00
# Visual Studio Version 16
VisualStudioVersion = 16.0.31911.196
MinimumVisualStudioVersion = 10.0.40219.1
Project("{8BC9CEB8-8B4A-11D0-8D11-00A0C91BC942}") = "ConsoleApplication1", "ConsoleApplication1.vcxproj", "{819D4EC9-2B44-487F-A587-C948A9C4D07C}"
EndProject
Global
	GlobalSection(SolutionConfigurationPlatforms) = preSolution
		Debug|x64 = Debug|x64
		Debug|x86 = Debug|x86
		Release|x64 = Release|x64
		Release|x86 = Release|x86
	EndGlobalSection
	GlobalSection(ProjectConfigurationPlatforms) = postSolution
		{819D4EC9-2B44-487F-A587-C948A9C4D07C}.Debug|x64.ActiveCfg = Debug|x64
		{819D4EC9-2B44-487F-A587-C948A9C4D07C}.Debug|x64.Build.0 = Debug|x64
		{819D4EC9-2B44-487F-A587-C948A9C4D07C}.Debug|x86.ActiveCfg = Debug|Win32
		{819D4EC9-2B44-487F-A587-C948A9C4D07C}.Debug|x86.Build.0 = Debug|Win32
		{819D4EC9-2B44-487F-A587-C948A9C4D07C}.Release|x64.ActiveCfg = Release|x64
		{819D4EC9-2B44-487F-A587-C948A9C4D07C}.Release|x64.Build.0 = Release|x64
		{819D4EC9-2B44-487F-A587-C948A9C4D07C}.Release|x86.ActiveCfg = Release|Win32
		{819D4EC9-2B44-487F-A587-C948A9C4D07C}.Release|x86.Build.0 = Release|Win32
	EndGlobalSection
	GlobalSection(SolutionProperties) = preSolution
		HideSolutionNode = FALSE
	EndGlobalSection
	GlobalSection(ExtensibilityGlobals) = postSolution
		SolutionGuid = {CA940EA9-2CD3-4F66-AEEB-41888D90FC2F}
	EndGlobalSection
EndGlobal
